// !$*UTF8*$!
{
	archiveVersion = 1;
	classes = {
	};
	objectVersion = 46;
	objects = {

/* Begin PBXBuildFile section */
		C91E26AF15B7D2AF00CB0AF3 /* XcodeTestSamplePassingTests.m in Sources */ = {isa = PBXBuildFile; fileRef = C99C65FC15B432FE0092A9B4 /* XcodeTestSamplePassingTests.m */; };
		C91E26B115B7D2AF00CB0AF3 /* SenTestingKit.framework in Frameworks */ = {isa = PBXBuildFile; fileRef = C99C65EF15B432FE0092A9B4 /* SenTestingKit.framework */; };
		C91E26B215B7D2AF00CB0AF3 /* UIKit.framework in Frameworks */ = {isa = PBXBuildFile; fileRef = C99C65D715B432FD0092A9B4 /* UIKit.framework */; };
		C91E26B315B7D2AF00CB0AF3 /* Foundation.framework in Frameworks */ = {isa = PBXBuildFile; fileRef = C99C65D915B432FD0092A9B4 /* Foundation.framework */; };
		C91E26B515B7D2AF00CB0AF3 /* InfoPlist.strings in Resources */ = {isa = PBXBuildFile; fileRef = C99C65F815B432FE0092A9B4 /* InfoPlist.strings */; };
		C91E26BC15B7D46500CB0AF3 /* XcodeTestSampleFailingTests.m in Sources */ = {isa = PBXBuildFile; fileRef = C91E26BB15B7D46500CB0AF3 /* XcodeTestSampleFailingTests.m */; };
		C99C65D815B432FD0092A9B4 /* UIKit.framework in Frameworks */ = {isa = PBXBuildFile; fileRef = C99C65D715B432FD0092A9B4 /* UIKit.framework */; };
		C99C65DA15B432FD0092A9B4 /* Foundation.framework in Frameworks */ = {isa = PBXBuildFile; fileRef = C99C65D915B432FD0092A9B4 /* Foundation.framework */; };
		C99C65DC15B432FD0092A9B4 /* CoreGraphics.framework in Frameworks */ = {isa = PBXBuildFile; fileRef = C99C65DB15B432FD0092A9B4 /* CoreGraphics.framework */; };
		C99C65E215B432FD0092A9B4 /* InfoPlist.strings in Resources */ = {isa = PBXBuildFile; fileRef = C99C65E015B432FD0092A9B4 /* InfoPlist.strings */; };
		C99C65E415B432FD0092A9B4 /* main.m in Sources */ = {isa = PBXBuildFile; fileRef = C99C65E315B432FD0092A9B4 /* main.m */; };
		C99C65E815B432FE0092A9B4 /* XcodeTestSampleAppDelegate.m in Sources */ = {isa = PBXBuildFile; fileRef = C99C65E715B432FE0092A9B4 /* XcodeTestSampleAppDelegate.m */; };
		C99C65F015B432FE0092A9B4 /* SenTestingKit.framework in Frameworks */ = {isa = PBXBuildFile; fileRef = C99C65EF15B432FE0092A9B4 /* SenTestingKit.framework */; };
		C99C65F115B432FE0092A9B4 /* UIKit.framework in Frameworks */ = {isa = PBXBuildFile; fileRef = C99C65D715B432FD0092A9B4 /* UIKit.framework */; };
		C99C65F215B432FE0092A9B4 /* Foundation.framework in Frameworks */ = {isa = PBXBuildFile; fileRef = C99C65D915B432FD0092A9B4 /* Foundation.framework */; };
		C99C65FA15B432FE0092A9B4 /* InfoPlist.strings in Resources */ = {isa = PBXBuildFile; fileRef = C99C65F815B432FE0092A9B4 /* InfoPlist.strings */; };
		C99C65FD15B432FE0092A9B4 /* XcodeTestSamplePassingTests.m in Sources */ = {isa = PBXBuildFile; fileRef = C99C65FC15B432FE0092A9B4 /* XcodeTestSamplePassingTests.m */; };
		C9DD9CED1638C3AA0038B5F4 /* XcodeTestSampleUITests.m in Sources */ = {isa = PBXBuildFile; fileRef = C9DD9CEC1638C3AA0038B5F4 /* XcodeTestSampleUITests.m */; };
		C9DD9CEE1638C3AA0038B5F4 /* XcodeTestSampleUITests.m in Sources */ = {isa = PBXBuildFile; fileRef = C9DD9CEC1638C3AA0038B5F4 /* XcodeTestSampleUITests.m */; };
		C9DD9CF81638C44E0038B5F4 /* SenTestingKit.framework in Frameworks */ = {isa = PBXBuildFile; fileRef = C99C65EF15B432FE0092A9B4 /* SenTestingKit.framework */; };
		C9DD9CFA1638C44E0038B5F4 /* Foundation.framework in Frameworks */ = {isa = PBXBuildFile; fileRef = C99C65D915B432FD0092A9B4 /* Foundation.framework */; };
		C9DD9CFC1638C44E0038B5F4 /* InfoPlist.strings in Resources */ = {isa = PBXBuildFile; fileRef = C99C65F815B432FE0092A9B4 /* InfoPlist.strings */; };
		C9DD9D041638C4D70038B5F4 /* XcodeTestSampleLogicTests.m in Sources */ = {isa = PBXBuildFile; fileRef = C9DD9D031638C4D70038B5F4 /* XcodeTestSampleLogicTests.m */; };
/* End PBXBuildFile section */

/* Begin PBXContainerItemProxy section */
		C91E26AD15B7D2AF00CB0AF3 /* PBXContainerItemProxy */ = {
			isa = PBXContainerItemProxy;
			containerPortal = C99C65CA15B432FD0092A9B4 /* Project object */;
			proxyType = 1;
			remoteGlobalIDString = C99C65D215B432FD0092A9B4;
			remoteInfo = TriumphSample;
		};
		C99C65F315B432FE0092A9B4 /* PBXContainerItemProxy */ = {
			isa = PBXContainerItemProxy;
			containerPortal = C99C65CA15B432FD0092A9B4 /* Project object */;
			proxyType = 1;
			remoteGlobalIDString = C99C65D215B432FD0092A9B4;
			remoteInfo = TriumphSample;
		};
/* End PBXContainerItemProxy section */

/* Begin PBXFileReference section */
		C91E26B915B7D2AF00CB0AF3 /* XcodeTestSampleFailingTests.octest */ = {isa = PBXFileReference; explicitFileType = wrapper.cfbundle; includeInIndex = 0; path = XcodeTestSampleFailingTests.octest; sourceTree = BUILT_PRODUCTS_DIR; };
		C91E26BB15B7D46500CB0AF3 /* XcodeTestSampleFailingTests.m */ = {isa = PBXFileReference; fileEncoding = 4; lastKnownFileType = sourcecode.c.objc; path = XcodeTestSampleFailingTests.m; sourceTree = "<group>"; };
		C99C65D315B432FD0092A9B4 /* XcodeTestSample.app */ = {isa = PBXFileReference; explicitFileType = wrapper.application; includeInIndex = 0; path = XcodeTestSample.app; sourceTree = BUILT_PRODUCTS_DIR; };
		C99C65D715B432FD0092A9B4 /* UIKit.framework */ = {isa = PBXFileReference; lastKnownFileType = wrapper.framework; name = UIKit.framework; path = System/Library/Frameworks/UIKit.framework; sourceTree = SDKROOT; };
		C99C65D915B432FD0092A9B4 /* Foundation.framework */ = {isa = PBXFileReference; lastKnownFileType = wrapper.framework; name = Foundation.framework; path = System/Library/Frameworks/Foundation.framework; sourceTree = SDKROOT; };
		C99C65DB15B432FD0092A9B4 /* CoreGraphics.framework */ = {isa = PBXFileReference; lastKnownFileType = wrapper.framework; name = CoreGraphics.framework; path = System/Library/Frameworks/CoreGraphics.framework; sourceTree = SDKROOT; };
		C99C65DF15B432FD0092A9B4 /* XcodeTestSample-Info.plist */ = {isa = PBXFileReference; lastKnownFileType = text.plist.xml; path = "XcodeTestSample-Info.plist"; sourceTree = "<group>"; };
		C99C65E115B432FD0092A9B4 /* en */ = {isa = PBXFileReference; lastKnownFileType = text.plist.strings; name = en; path = en.lproj/InfoPlist.strings; sourceTree = "<group>"; };
		C99C65E315B432FD0092A9B4 /* main.m */ = {isa = PBXFileReference; lastKnownFileType = sourcecode.c.objc; path = main.m; sourceTree = "<group>"; };
		C99C65E515B432FD0092A9B4 /* XcodeTestSample-Prefix.pch */ = {isa = PBXFileReference; lastKnownFileType = sourcecode.c.h; path = "XcodeTestSample-Prefix.pch"; sourceTree = "<group>"; };
		C99C65E615B432FE0092A9B4 /* XcodeTestSampleAppDelegate.h */ = {isa = PBXFileReference; lastKnownFileType = sourcecode.c.h; path = XcodeTestSampleAppDelegate.h; sourceTree = "<group>"; };
		C99C65E715B432FE0092A9B4 /* XcodeTestSampleAppDelegate.m */ = {isa = PBXFileReference; lastKnownFileType = sourcecode.c.objc; path = XcodeTestSampleAppDelegate.m; sourceTree = "<group>"; };
		C99C65EE15B432FE0092A9B4 /* XcodeTestSamplePassingTests.octest */ = {isa = PBXFileReference; explicitFileType = wrapper.cfbundle; includeInIndex = 0; path = XcodeTestSamplePassingTests.octest; sourceTree = BUILT_PRODUCTS_DIR; };
		C99C65EF15B432FE0092A9B4 /* SenTestingKit.framework */ = {isa = PBXFileReference; lastKnownFileType = wrapper.framework; name = SenTestingKit.framework; path = Library/Frameworks/SenTestingKit.framework; sourceTree = DEVELOPER_DIR; };
		C99C65F715B432FE0092A9B4 /* XcodeTestSampleTests-Info.plist */ = {isa = PBXFileReference; lastKnownFileType = text.plist.xml; path = "XcodeTestSampleTests-Info.plist"; sourceTree = "<group>"; };
		C99C65F915B432FE0092A9B4 /* en */ = {isa = PBXFileReference; lastKnownFileType = text.plist.strings; name = en; path = en.lproj/InfoPlist.strings; sourceTree = "<group>"; };
		C99C65FC15B432FE0092A9B4 /* XcodeTestSamplePassingTests.m */ = {isa = PBXFileReference; lastKnownFileType = sourcecode.c.objc; path = XcodeTestSamplePassingTests.m; sourceTree = "<group>"; };
		C9DD9CEC1638C3AA0038B5F4 /* XcodeTestSampleUITests.m */ = {isa = PBXFileReference; fileEncoding = 4; lastKnownFileType = sourcecode.c.objc; path = XcodeTestSampleUITests.m; sourceTree = "<group>"; };
		C9DD9D011638C44E0038B5F4 /* XcodeTestSampleLogicTests.octest */ = {isa = PBXFileReference; explicitFileType = wrapper.cfbundle; includeInIndex = 0; path = XcodeTestSampleLogicTests.octest; sourceTree = BUILT_PRODUCTS_DIR; };
		C9DD9D031638C4D70038B5F4 /* XcodeTestSampleLogicTests.m */ = {isa = PBXFileReference; fileEncoding = 4; lastKnownFileType = sourcecode.c.objc; path = XcodeTestSampleLogicTests.m; sourceTree = "<group>"; };
/* End PBXFileReference section */

/* Begin PBXFrameworksBuildPhase section */
		C91E26B015B7D2AF00CB0AF3 /* Frameworks */ = {
			isa = PBXFrameworksBuildPhase;
			buildActionMask = 2147483647;
			files = (
				C91E26B115B7D2AF00CB0AF3 /* SenTestingKit.framework in Frameworks */,
				C91E26B215B7D2AF00CB0AF3 /* UIKit.framework in Frameworks */,
				C91E26B315B7D2AF00CB0AF3 /* Foundation.framework in Frameworks */,
			);
			runOnlyForDeploymentPostprocessing = 0;
		};
		C99C65D015B432FD0092A9B4 /* Frameworks */ = {
			isa = PBXFrameworksBuildPhase;
			buildActionMask = 2147483647;
			files = (
				C99C65D815B432FD0092A9B4 /* UIKit.framework in Frameworks */,
				C99C65DA15B432FD0092A9B4 /* Foundation.framework in Frameworks */,
				C99C65DC15B432FD0092A9B4 /* CoreGraphics.framework in Frameworks */,
			);
			runOnlyForDeploymentPostprocessing = 0;
		};
		C99C65EA15B432FE0092A9B4 /* Frameworks */ = {
			isa = PBXFrameworksBuildPhase;
			buildActionMask = 2147483647;
			files = (
				C99C65F015B432FE0092A9B4 /* SenTestingKit.framework in Frameworks */,
				C99C65F115B432FE0092A9B4 /* UIKit.framework in Frameworks */,
				C99C65F215B432FE0092A9B4 /* Foundation.framework in Frameworks */,
			);
			runOnlyForDeploymentPostprocessing = 0;
		};
		C9DD9CF71638C44E0038B5F4 /* Frameworks */ = {
			isa = PBXFrameworksBuildPhase;
			buildActionMask = 2147483647;
			files = (
				C9DD9CF81638C44E0038B5F4 /* SenTestingKit.framework in Frameworks */,
				C9DD9CFA1638C44E0038B5F4 /* Foundation.framework in Frameworks */,
			);
			runOnlyForDeploymentPostprocessing = 0;
		};
/* End PBXFrameworksBuildPhase section */

/* Begin PBXGroup section */
		C99C65C815B432FD0092A9B4 = {
			isa = PBXGroup;
			children = (
				C99C65DD15B432FD0092A9B4 /* XcodeTestSample */,
				C99C65F515B432FE0092A9B4 /* XcodeTestSampleTests */,
				C99C65D615B432FD0092A9B4 /* Frameworks */,
				C99C65D415B432FD0092A9B4 /* Products */,
			);
			indentWidth = 4;
			sourceTree = "<group>";
			tabWidth = 4;
		};
		C99C65D415B432FD0092A9B4 /* Products */ = {
			isa = PBXGroup;
			children = (
				C99C65D315B432FD0092A9B4 /* XcodeTestSample.app */,
				C99C65EE15B432FE0092A9B4 /* XcodeTestSamplePassingTests.octest */,
				C91E26B915B7D2AF00CB0AF3 /* XcodeTestSampleFailingTests.octest */,
				C9DD9D011638C44E0038B5F4 /* XcodeTestSampleLogicTests.octest */,
			);
			name = Products;
			sourceTree = "<group>";
		};
		C99C65D615B432FD0092A9B4 /* Frameworks */ = {
			isa = PBXGroup;
			children = (
				C99C65D715B432FD0092A9B4 /* UIKit.framework */,
				C99C65D915B432FD0092A9B4 /* Foundation.framework */,
				C99C65DB15B432FD0092A9B4 /* CoreGraphics.framework */,
				C99C65EF15B432FE0092A9B4 /* SenTestingKit.framework */,
			);
			name = Frameworks;
			sourceTree = "<group>";
		};
		C99C65DD15B432FD0092A9B4 /* XcodeTestSample */ = {
			isa = PBXGroup;
			children = (
				C99C65DE15B432FD0092A9B4 /* Supporting Files */,
				C99C65E615B432FE0092A9B4 /* XcodeTestSampleAppDelegate.h */,
				C99C65E715B432FE0092A9B4 /* XcodeTestSampleAppDelegate.m */,
			);
			path = XcodeTestSample;
			sourceTree = SOURCE_ROOT;
		};
		C99C65DE15B432FD0092A9B4 /* Supporting Files */ = {
			isa = PBXGroup;
			children = (
				C99C65DF15B432FD0092A9B4 /* XcodeTestSample-Info.plist */,
				C99C65E015B432FD0092A9B4 /* InfoPlist.strings */,
				C99C65E315B432FD0092A9B4 /* main.m */,
				C99C65E515B432FD0092A9B4 /* XcodeTestSample-Prefix.pch */,
			);
			name = "Supporting Files";
			sourceTree = "<group>";
		};
		C99C65F515B432FE0092A9B4 /* XcodeTestSampleTests */ = {
			isa = PBXGroup;
			children = (
				C99C65F615B432FE0092A9B4 /* Supporting Files */,
				C99C65FC15B432FE0092A9B4 /* XcodeTestSamplePassingTests.m */,
				C91E26BB15B7D46500CB0AF3 /* XcodeTestSampleFailingTests.m */,
				C9DD9CEC1638C3AA0038B5F4 /* XcodeTestSampleUITests.m */,
				C9DD9D031638C4D70038B5F4 /* XcodeTestSampleLogicTests.m */,
			);
			path = XcodeTestSampleTests;
			sourceTree = SOURCE_ROOT;
		};
		C99C65F615B432FE0092A9B4 /* Supporting Files */ = {
			isa = PBXGroup;
			children = (
				C99C65F715B432FE0092A9B4 /* XcodeTestSampleTests-Info.plist */,
				C99C65F815B432FE0092A9B4 /* InfoPlist.strings */,
			);
			name = "Supporting Files";
			sourceTree = "<group>";
		};
/* End PBXGroup section */

/* Begin PBXNativeTarget section */
		C91E26AB15B7D2AF00CB0AF3 /* XcodeTestSampleFailingTests */ = {
			isa = PBXNativeTarget;
			buildConfigurationList = C91E26B615B7D2AF00CB0AF3 /* Build configuration list for PBXNativeTarget "XcodeTestSampleFailingTests" */;
			buildPhases = (
				C91E26AE15B7D2AF00CB0AF3 /* Sources */,
				C91E26B015B7D2AF00CB0AF3 /* Frameworks */,
				C91E26B415B7D2AF00CB0AF3 /* Resources */,
				C924254E16175C2700E5F418 /* ShellScript */,
			);
			buildRules = (
			);
			dependencies = (
				C91E26AC15B7D2AF00CB0AF3 /* PBXTargetDependency */,
			);
			name = XcodeTestSampleFailingTests;
			productName = TriumphSampleTests;
			productReference = C91E26B915B7D2AF00CB0AF3 /* XcodeTestSampleFailingTests.octest */;
			productType = "com.apple.product-type.bundle";
		};
		C99C65D215B432FD0092A9B4 /* XcodeTestSample */ = {
			isa = PBXNativeTarget;
			buildConfigurationList = C99C660015B432FE0092A9B4 /* Build configuration list for PBXNativeTarget "XcodeTestSample" */;
			buildPhases = (
				C99C65CF15B432FD0092A9B4 /* Sources */,
				C99C65D015B432FD0092A9B4 /* Frameworks */,
				C99C65D115B432FD0092A9B4 /* Resources */,
			);
			buildRules = (
			);
			dependencies = (
			);
			name = XcodeTestSample;
			productName = TriumphSample;
			productReference = C99C65D315B432FD0092A9B4 /* XcodeTestSample.app */;
			productType = "com.apple.product-type.application";
		};
		C99C65ED15B432FE0092A9B4 /* XcodeTestSamplePassingTests */ = {
			isa = PBXNativeTarget;
			buildConfigurationList = C99C660315B432FE0092A9B4 /* Build configuration list for PBXNativeTarget "XcodeTestSamplePassingTests" */;
			buildPhases = (
				C99C65E915B432FE0092A9B4 /* Sources */,
				C99C65EA15B432FE0092A9B4 /* Frameworks */,
				C99C65EB15B432FE0092A9B4 /* Resources */,
				C924254816175BDC00E5F418 /* ShellScript */,
			);
			buildRules = (
			);
			dependencies = (
				C99C65F415B432FE0092A9B4 /* PBXTargetDependency */,
			);
			name = XcodeTestSamplePassingTests;
			productName = TriumphSampleTests;
			productReference = C99C65EE15B432FE0092A9B4 /* XcodeTestSamplePassingTests.octest */;
			productType = "com.apple.product-type.bundle";
		};
		C9DD9CF01638C44E0038B5F4 /* XcodeTestSampleLogicTests */ = {
			isa = PBXNativeTarget;
			buildConfigurationList = C9DD9CFE1638C44E0038B5F4 /* Build configuration list for PBXNativeTarget "XcodeTestSampleLogicTests" */;
			buildPhases = (
				C9DD9CF31638C44E0038B5F4 /* Sources */,
				C9DD9CF71638C44E0038B5F4 /* Frameworks */,
				C9DD9CFB1638C44E0038B5F4 /* Resources */,
				C9DD9CFD1638C44E0038B5F4 /* ShellScript */,
			);
			buildRules = (
			);
			dependencies = (
			);
			name = XcodeTestSampleLogicTests;
			productName = TriumphSampleTests;
			productReference = C9DD9D011638C44E0038B5F4 /* XcodeTestSampleLogicTests.octest */;
			productType = "com.apple.product-type.bundle";
		};
/* End PBXNativeTarget section */

/* Begin PBXProject section */
		C99C65CA15B432FD0092A9B4 /* Project object */ = {
			isa = PBXProject;
			attributes = {
				CLASSPREFIX = TR;
				LastUpgradeCheck = 0450;
				ORGANIZATIONNAME = "Stewart Gleadow";
			};
			buildConfigurationList = C99C65CD15B432FD0092A9B4 /* Build configuration list for PBXProject "XcodeTestSample" */;
			compatibilityVersion = "Xcode 3.2";
			developmentRegion = English;
			hasScannedForEncodings = 0;
			knownRegions = (
				en,
			);
			mainGroup = C99C65C815B432FD0092A9B4;
			productRefGroup = C99C65D415B432FD0092A9B4 /* Products */;
			projectDirPath = "";
			projectRoot = "";
			targets = (
				C99C65D215B432FD0092A9B4 /* XcodeTestSample */,
				C99C65ED15B432FE0092A9B4 /* XcodeTestSamplePassingTests */,
				C91E26AB15B7D2AF00CB0AF3 /* XcodeTestSampleFailingTests */,
				C9DD9CF01638C44E0038B5F4 /* XcodeTestSampleLogicTests */,
			);
		};
/* End PBXProject section */

/* Begin PBXResourcesBuildPhase section */
		C91E26B415B7D2AF00CB0AF3 /* Resources */ = {
			isa = PBXResourcesBuildPhase;
			buildActionMask = 2147483647;
			files = (
				C91E26B515B7D2AF00CB0AF3 /* InfoPlist.strings in Resources */,
			);
			runOnlyForDeploymentPostprocessing = 0;
		};
		C99C65D115B432FD0092A9B4 /* Resources */ = {
			isa = PBXResourcesBuildPhase;
			buildActionMask = 2147483647;
			files = (
				C99C65E215B432FD0092A9B4 /* InfoPlist.strings in Resources */,
			);
			runOnlyForDeploymentPostprocessing = 0;
		};
		C99C65EB15B432FE0092A9B4 /* Resources */ = {
			isa = PBXResourcesBuildPhase;
			buildActionMask = 2147483647;
			files = (
				C99C65FA15B432FE0092A9B4 /* InfoPlist.strings in Resources */,
			);
			runOnlyForDeploymentPostprocessing = 0;
		};
		C9DD9CFB1638C44E0038B5F4 /* Resources */ = {
			isa = PBXResourcesBuildPhase;
			buildActionMask = 2147483647;
			files = (
				C9DD9CFC1638C44E0038B5F4 /* InfoPlist.strings in Resources */,
			);
			runOnlyForDeploymentPostprocessing = 0;
		};
/* End PBXResourcesBuildPhase section */

/* Begin PBXShellScriptBuildPhase section */
		C924254816175BDC00E5F418 /* ShellScript */ = {
			isa = PBXShellScriptBuildPhase;
			buildActionMask = 2147483647;
			files = (
			);
			inputPaths = (
			);
			outputPaths = (
			);
			runOnlyForDeploymentPostprocessing = 0;
			shellPath = /bin/sh;
			shellScript = "\"${PROJECT_DIR}/RunPlatformUnitTests.sh\"";
		};
		C924254E16175C2700E5F418 /* ShellScript */ = {
			isa = PBXShellScriptBuildPhase;
			buildActionMask = 2147483647;
			files = (
			);
			inputPaths = (
			);
			outputPaths = (
			);
			runOnlyForDeploymentPostprocessing = 0;
			shellPath = /bin/sh;
			shellScript = "\"${PROJECT_DIR}/RunPlatformUnitTests.sh\"";
		};
		C9DD9CFD1638C44E0038B5F4 /* ShellScript */ = {
			isa = PBXShellScriptBuildPhase;
			buildActionMask = 2147483647;
			files = (
			);
			inputPaths = (
			);
			outputPaths = (
			);
			runOnlyForDeploymentPostprocessing = 0;
			shellPath = /bin/sh;
			shellScript = "\"${PROJECT_DIR}/RunPlatformUnitTests.sh\"";
		};
/* End PBXShellScriptBuildPhase section */

/* Begin PBXSourcesBuildPhase section */
		C91E26AE15B7D2AF00CB0AF3 /* Sources */ = {
			isa = PBXSourcesBuildPhase;
			buildActionMask = 2147483647;
			files = (
				C9DD9CEE1638C3AA0038B5F4 /* XcodeTestSampleUITests.m in Sources */,
				C91E26AF15B7D2AF00CB0AF3 /* XcodeTestSamplePassingTests.m in Sources */,
				C91E26BC15B7D46500CB0AF3 /* XcodeTestSampleFailingTests.m in Sources */,
			);
			runOnlyForDeploymentPostprocessing = 0;
		};
		C99C65CF15B432FD0092A9B4 /* Sources */ = {
			isa = PBXSourcesBuildPhase;
			buildActionMask = 2147483647;
			files = (
				C99C65E415B432FD0092A9B4 /* main.m in Sources */,
				C99C65E815B432FE0092A9B4 /* XcodeTestSampleAppDelegate.m in Sources */,
			);
			runOnlyForDeploymentPostprocessing = 0;
		};
		C99C65E915B432FE0092A9B4 /* Sources */ = {
			isa = PBXSourcesBuildPhase;
			buildActionMask = 2147483647;
			files = (
				C9DD9CED1638C3AA0038B5F4 /* XcodeTestSampleUITests.m in Sources */,
				C99C65FD15B432FE0092A9B4 /* XcodeTestSamplePassingTests.m in Sources */,
			);
			runOnlyForDeploymentPostprocessing = 0;
		};
		C9DD9CF31638C44E0038B5F4 /* Sources */ = {
			isa = PBXSourcesBuildPhase;
			buildActionMask = 2147483647;
			files = (
				C9DD9D041638C4D70038B5F4 /* XcodeTestSampleLogicTests.m in Sources */,
			);
			runOnlyForDeploymentPostprocessing = 0;
		};
/* End PBXSourcesBuildPhase section */

/* Begin PBXTargetDependency section */
		C91E26AC15B7D2AF00CB0AF3 /* PBXTargetDependency */ = {
			isa = PBXTargetDependency;
			target = C99C65D215B432FD0092A9B4 /* XcodeTestSample */;
			targetProxy = C91E26AD15B7D2AF00CB0AF3 /* PBXContainerItemProxy */;
		};
		C99C65F415B432FE0092A9B4 /* PBXTargetDependency */ = {
			isa = PBXTargetDependency;
			target = C99C65D215B432FD0092A9B4 /* XcodeTestSample */;
			targetProxy = C99C65F315B432FE0092A9B4 /* PBXContainerItemProxy */;
		};
/* End PBXTargetDependency section */

/* Begin PBXVariantGroup section */
		C99C65E015B432FD0092A9B4 /* InfoPlist.strings */ = {
			isa = PBXVariantGroup;
			children = (
				C99C65E115B432FD0092A9B4 /* en */,
			);
			name = InfoPlist.strings;
			sourceTree = "<group>";
		};
		C99C65F815B432FE0092A9B4 /* InfoPlist.strings */ = {
			isa = PBXVariantGroup;
			children = (
				C99C65F915B432FE0092A9B4 /* en */,
			);
			name = InfoPlist.strings;
			sourceTree = "<group>";
		};
/* End PBXVariantGroup section */

/* Begin XCBuildConfiguration section */
		C91E26B715B7D2AF00CB0AF3 /* Debug */ = {
			isa = XCBuildConfiguration;
			buildSettings = {
				BUNDLE_LOADER = "$(BUILT_PRODUCTS_DIR)/XcodeTestSample.app/XcodeTestSample";
				FRAMEWORK_SEARCH_PATHS = (
					"\"$(SDKROOT)/Developer/Library/Frameworks\"",
					"\"$(DEVELOPER_LIBRARY_DIR)/Frameworks\"",
				);
				GCC_PRECOMPILE_PREFIX_HEADER = YES;
				GCC_PREFIX_HEADER = "XcodeTestSample/XcodeTestSample-Prefix.pch";
				INFOPLIST_FILE = "XcodeTestSampleTests/XcodeTestSampleTests-Info.plist";
				PRODUCT_NAME = XcodeTestSampleFailingTests;
				TEST_HOST = "$(BUNDLE_LOADER)";
				WRAPPER_EXTENSION = octest;
			};
			name = Debug;
		};
		C91E26B815B7D2AF00CB0AF3 /* Release */ = {
			isa = XCBuildConfiguration;
			buildSettings = {
				BUNDLE_LOADER = "$(BUILT_PRODUCTS_DIR)/XcodeTestSample.app/XcodeTestSample";
				FRAMEWORK_SEARCH_PATHS = (
					"\"$(SDKROOT)/Developer/Library/Frameworks\"",
					"\"$(DEVELOPER_LIBRARY_DIR)/Frameworks\"",
				);
				GCC_PRECOMPILE_PREFIX_HEADER = YES;
				GCC_PREFIX_HEADER = "XcodeTestSample/XcodeTestSample-Prefix.pch";
				INFOPLIST_FILE = "XcodeTestSampleTests/XcodeTestSampleTests-Info.plist";
				PRODUCT_NAME = XcodeTestSampleFailingTests;
				TEST_HOST = "$(BUNDLE_LOADER)";
				WRAPPER_EXTENSION = octest;
			};
			name = Release;
		};
		C99C65FE15B432FE0092A9B4 /* Debug */ = {
			isa = XCBuildConfiguration;
			buildSettings = {
				ALWAYS_SEARCH_USER_PATHS = NO;
				CLANG_CXX_LANGUAGE_STANDARD = "gnu++0x";
				CLANG_ENABLE_OBJC_ARC = YES;
				CLANG_WARN__DUPLICATE_METHOD_MATCH = YES;
				"CODE_SIGN_IDENTITY[sdk=iphoneos*]" = "iPhone Developer";
				COPY_PHASE_STRIP = NO;
				GCC_C_LANGUAGE_STANDARD = gnu99;
				GCC_DYNAMIC_NO_PIC = NO;
				GCC_OPTIMIZATION_LEVEL = 0;
				GCC_PREPROCESSOR_DEFINITIONS = (
					"DEBUG=1",
					"$(inherited)",
				);
				GCC_SYMBOLS_PRIVATE_EXTERN = NO;
				GCC_WARN_ABOUT_RETURN_TYPE = YES;
				GCC_WARN_UNINITIALIZED_AUTOS = YES;
				GCC_WARN_UNUSED_VARIABLE = YES;
				IPHONEOS_DEPLOYMENT_TARGET = 5.0;
				SDKROOT = iphoneos;
			};
			name = Debug;
		};
		C99C65FF15B432FE0092A9B4 /* Release */ = {
			isa = XCBuildConfiguration;
			buildSettings = {
				ALWAYS_SEARCH_USER_PATHS = NO;
				CLANG_CXX_LANGUAGE_STANDARD = "gnu++0x";
				CLANG_ENABLE_OBJC_ARC = YES;
				CLANG_WARN__DUPLICATE_METHOD_MATCH = YES;
				"CODE_SIGN_IDENTITY[sdk=iphoneos*]" = "iPhone Developer";
				COPY_PHASE_STRIP = YES;
				GCC_C_LANGUAGE_STANDARD = gnu99;
				GCC_WARN_ABOUT_RETURN_TYPE = YES;
				GCC_WARN_UNINITIALIZED_AUTOS = YES;
				GCC_WARN_UNUSED_VARIABLE = YES;
				IPHONEOS_DEPLOYMENT_TARGET = 5.0;
				OTHER_CFLAGS = "-DNS_BLOCK_ASSERTIONS=1";
				SDKROOT = iphoneos;
				VALIDATE_PRODUCT = YES;
			};
			name = Release;
		};
		C99C660115B432FE0092A9B4 /* Debug */ = {
			isa = XCBuildConfiguration;
			buildSettings = {
				GCC_PRECOMPILE_PREFIX_HEADER = YES;
				GCC_PREFIX_HEADER = "XcodeTestSample/XcodeTestSample-Prefix.pch";
				INFOPLIST_FILE = "XcodeTestSample/XcodeTestSample-Info.plist";
				OTHER_LDFLAGS = "$(XCODE_TEST_LDFLAGS)";
				PRODUCT_NAME = XcodeTestSample;
				WRAPPER_EXTENSION = app;
			};
			name = Debug;
		};
		C99C660215B432FE0092A9B4 /* Release */ = {
			isa = XCBuildConfiguration;
			buildSettings = {
				GCC_PRECOMPILE_PREFIX_HEADER = YES;
				GCC_PREFIX_HEADER = "XcodeTestSample/XcodeTestSample-Prefix.pch";
				INFOPLIST_FILE = "XcodeTestSample/XcodeTestSample-Info.plist";
				OTHER_LDFLAGS = "$(XCODE_TEST_LDFLAGS)";
				PRODUCT_NAME = XcodeTestSample;
				WRAPPER_EXTENSION = app;
			};
			name = Release;
		};
		C99C660415B432FE0092A9B4 /* Debug */ = {
			isa = XCBuildConfiguration;
			buildSettings = {
				BUNDLE_LOADER = "$(BUILT_PRODUCTS_DIR)/XcodeTestSample.app/XcodeTestSample";
				FRAMEWORK_SEARCH_PATHS = (
					"\"$(SDKROOT)/Developer/Library/Frameworks\"",
					"\"$(DEVELOPER_LIBRARY_DIR)/Frameworks\"",
				);
				GCC_PRECOMPILE_PREFIX_HEADER = YES;
				GCC_PREFIX_HEADER = "XcodeTestSample/XcodeTestSample-Prefix.pch";
				INFOPLIST_FILE = "XcodeTestSampleTests/XcodeTestSampleTests-Info.plist";
				PRODUCT_NAME = XcodeTestSamplePassingTests;
				TEST_HOST = "$(BUNDLE_LOADER)";
				WRAPPER_EXTENSION = octest;
			};
			name = Debug;
		};
		C99C660515B432FE0092A9B4 /* Release */ = {
			isa = XCBuildConfiguration;
			buildSettings = {
				BUNDLE_LOADER = "$(BUILT_PRODUCTS_DIR)/XcodeTestSample.app/XcodeTestSample";
				FRAMEWORK_SEARCH_PATHS = (
					"\"$(SDKROOT)/Developer/Library/Frameworks\"",
					"\"$(DEVELOPER_LIBRARY_DIR)/Frameworks\"",
				);
				GCC_PRECOMPILE_PREFIX_HEADER = YES;
				GCC_PREFIX_HEADER = "XcodeTestSample/XcodeTestSample-Prefix.pch";
				INFOPLIST_FILE = "XcodeTestSampleTests/XcodeTestSampleTests-Info.plist";
				PRODUCT_NAME = XcodeTestSamplePassingTests;
				TEST_HOST = "$(BUNDLE_LOADER)";
				WRAPPER_EXTENSION = octest;
			};
			name = Release;
		};
		C9DD9CFF1638C44E0038B5F4 /* Debug */ = {
			isa = XCBuildConfiguration;
			buildSettings = {
				FRAMEWORK_SEARCH_PATHS = (
					"\"$(SDKROOT)/Developer/Library/Frameworks\"",
					"\"$(DEVELOPER_LIBRARY_DIR)/Frameworks\"",
				);
				GCC_PRECOMPILE_PREFIX_HEADER = YES;
				GCC_PREFIX_HEADER = "XcodeTestSample/XcodeTestSample-Prefix.pch";
				PRODUCT_NAME = XcodeTestSampleLogicTests;
				WRAPPER_EXTENSION = octest;
			};
			name = Debug;
		};
		C9DD9D001638C44E0038B5F4 /* Release */ = {
			isa = XCBuildConfiguration;
			buildSettings = {
				FRAMEWORK_SEARCH_PATHS = (
					"\"$(SDKROOT)/Developer/Library/Frameworks\"",
					"\"$(DEVELOPER_LIBRARY_DIR)/Frameworks\"",
				);
				GCC_PRECOMPILE_PREFIX_HEADER = YES;
				GCC_PREFIX_HEADER = "XcodeTestSample/XcodeTestSample-Prefix.pch";
				PRODUCT_NAME = XcodeTestSampleLogicTests;
				WRAPPER_EXTENSION = octest;
			};
			name = Release;
		};
/* End XCBuildConfiguration section */

/* Begin XCConfigurationList section */
		C91E26B615B7D2AF00CB0AF3 /* Build configuration list for PBXNativeTarget "XcodeTestSampleFailingTests" */ = {
			isa = XCConfigurationList;
			buildConfigurations = (
				C91E26B715B7D2AF00CB0AF3 /* Debug */,
				C91E26B815B7D2AF00CB0AF3 /* Release */,
			);
			defaultConfigurationIsVisible = 0;
			defaultConfigurationName = Release;
		};
		C99C65CD15B432FD0092A9B4 /* Build configuration list for PBXProject "XcodeTestSample" */ = {
			isa = XCConfigurationList;
			buildConfigurations = (
				C99C65FE15B432FE0092A9B4 /* Debug */,
				C99C65FF15B432FE0092A9B4 /* Release */,
			);
			defaultConfigurationIsVisible = 0;
			defaultConfigurationName = Release;
		};
		C99C660015B432FE0092A9B4 /* Build configuration list for PBXNativeTarget "XcodeTestSample" */ = {
			isa = XCConfigurationList;
			buildConfigurations = (
				C99C660115B432FE0092A9B4 /* Debug */,
				C99C660215B432FE0092A9B4 /* Release */,
			);
			defaultConfigurationIsVisible = 0;
			defaultConfigurationName = Release;
		};
		C99C660315B432FE0092A9B4 /* Build configuration list for PBXNativeTarget "XcodeTestSamplePassingTests" */ = {
			isa = XCConfigurationList;
			buildConfigurations = (
				C99C660415B432FE0092A9B4 /* Debug */,
				C99C660515B432FE0092A9B4 /* Release */,
			);
			defaultConfigurationIsVisible = 0;
			defaultConfigurationName = Release;
		};
		C9DD9CFE1638C44E0038B5F4 /* Build configuration list for PBXNativeTarget "XcodeTestSampleLogicTests" */ = {
			isa = XCConfigurationList;
			buildConfigurations = (
				C9DD9CFF1638C44E0038B5F4 /* Debug */,
				C9DD9D001638C44E0038B5F4 /* Release */,
			);
			defaultConfigurationIsVisible = 0;
			defaultConfigurationName = Release;
		};
/* End XCConfigurationList section */
	};
	rootObject = C99C65CA15B432FD0092A9B4 /* Project object */;
}
